
Microsoft Visual Studio Solution File, Format Version 12.00
# Visual Studio Version 16
VisualStudioVersion = 16.0.30907.101
MinimumVisualStudioVersion = 10.0.40219.1
Project("{FAE04EC0-301F-11D3-BF4B-00C04F79EFBC}") = "myDateService", "myDateService\myDateService.csproj", "{D3C960FA-CDDB-47E1-86AC-EDDCAA409FB0}"
EndProject
Global
	GlobalSection(SolutionConfigurationPlatforms) = preSolution
		Debug|Any CPU = Debug|Any CPU
		Release|Any CPU = Release|Any CPU
	EndGlobalSection
	GlobalSection(ProjectConfigurationPlatforms) = postSolution
		{D3C960FA-CDDB-47E1-86AC-EDDCAA409FB0}.Debug|Any CPU.ActiveCfg = Debug|Any CPU
		{D3C960FA-CDDB-47E1-86AC-EDDCAA409FB0}.Debug|Any CPU.Build.0 = Debug|Any CPU
		{D3C960FA-CDDB-47E1-86AC-EDDCAA409FB0}.Release|Any CPU.ActiveCfg = Release|Any CPU
		{D3C960FA-CDDB-47E1-86AC-EDDCAA409FB0}.Release|Any CPU.Build.0 = Release|Any CPU
	EndGlobalSection
	GlobalSection(SolutionProperties) = preSolution
		HideSolutionNode = FALSE
	EndGlobalSection
	GlobalSection(ExtensibilityGlobals) = postSolution
		SolutionGuid = {AFB46368-3512-48A8-A1CF-97418CD24302}
	EndGlobalSection
EndGlobal
